
Microsoft Visual Studio Solution File, Format Version 12.00
# Visual Studio Version 17
VisualStudioVersion = 17.0.31912.275
MinimumVisualStudioVersion = 10.0.40219.1
Project("{6EC3EE1D-3C4E-46DD-8F32-0CC8E7565705}") = "FsCqHttp", "src\FsCqHttp\FsCqHttp.fsproj", "{3E558F6E-6A04-4912-837F-AF00CC91AFAE}"
EndProject
Project("{6EC3EE1D-3C4E-46DD-8F32-0CC8E7565705}") = "LibFFXIV.GameData", "..\LibFFXIV\LibFFXIV.GameData\LibFFXIV.GameData.fsproj", "{EE879DDD-F086-4496-A802-94347995BC9C}"
EndProject
Project("{2150E333-8FDC-42A3-9474-1A3956D46DE8}") = "Solution Items", "Solution Items", "{6416453A-AD84-4DCB-A883-2843110521FD}"
	ProjectSection(SolutionItems) = preProject
		.editorconfig = .editorconfig
		README.md = README.md
	EndProjectSection
EndProject
Project("{6EC3EE1D-3C4E-46DD-8F32-0CC8E7565705}") = "FSCqHttp-Test", "tests\FSCqHttp-Test\FSCqHttp-Test.fsproj", "{FF530083-BB65-4011-A990-1D4C41226D27}"
EndProject
Project("{2150E333-8FDC-42A3-9474-1A3956D46DE8}") = "src", "src", "{C811F35E-E07F-4E12-8F54-FE41815EA1CE}"
EndProject
Project("{2150E333-8FDC-42A3-9474-1A3956D46DE8}") = "tests", "tests", "{A2C831F7-6773-43C9-ADD0-7C8EA7144944}"
EndProject
Project("{6EC3EE1D-3C4E-46DD-8F32-0CC8E7565705}") = "TheBot", "src\TheBot\TheBot.fsproj", "{4E8F7E49-6037-48ED-9CAF-D47ECDCA1615}"
EndProject
Project("{2150E333-8FDC-42A3-9474-1A3956D46DE8}") = "Plugins", "Plugins", "{219CEC18-EEA8-43DE-A22F-2B5A27C3FC89}"
EndProject
Project("{6EC3EE1D-3C4E-46DD-8F32-0CC8E7565705}") = "DicePlugin", "src\DicePlugin\DicePlugin.fsproj", "{4B3E7C78-6C4F-4E15-93D6-F3E65025A0CE}"
EndProject
Project("{6EC3EE1D-3C4E-46DD-8F32-0CC8E7565705}") = "XivPlugin", "src\XivPlugin\XivPlugin.fsproj", "{2618D82A-FFC2-4F18-BAF2-57CC38A14E45}"
EndProject
Project("{6EC3EE1D-3C4E-46DD-8F32-0CC8E7565705}") = "EvePlugin", "src\EvePlugin\EvePlugin.fsproj", "{28AA3209-3711-4916-926E-BD8C9C230D70}"
EndProject
Project("{2150E333-8FDC-42A3-9474-1A3956D46DE8}") = "Data Files", "Data Files", "{E9F25DD5-7A88-4E79-99B6-98557FCF47C6}"
	ProjectSection(SolutionItems) = preProject
		datafiles\EVEData.zip = datafiles\EVEData.zip
		datafiles\ffxiv-datamining-cn-master.zip = datafiles\ffxiv-datamining-cn-master.zip
	EndProjectSection
EndProject
Global
	GlobalSection(SolutionConfigurationPlatforms) = preSolution
		Debug|Any CPU = Debug|Any CPU
		Debug|x86 = Debug|x86
		Release|Any CPU = Release|Any CPU
		Release|x86 = Release|x86
	EndGlobalSection
	GlobalSection(ProjectConfigurationPlatforms) = postSolution
		{3E558F6E-6A04-4912-837F-AF00CC91AFAE}.Debug|Any CPU.ActiveCfg = Debug|Any CPU
		{3E558F6E-6A04-4912-837F-AF00CC91AFAE}.Debug|Any CPU.Build.0 = Debug|Any CPU
		{3E558F6E-6A04-4912-837F-AF00CC91AFAE}.Debug|x86.ActiveCfg = Debug|Any CPU
		{3E558F6E-6A04-4912-837F-AF00CC91AFAE}.Debug|x86.Build.0 = Debug|Any CPU
		{3E558F6E-6A04-4912-837F-AF00CC91AFAE}.Release|Any CPU.ActiveCfg = Release|Any CPU
		{3E558F6E-6A04-4912-837F-AF00CC91AFAE}.Release|Any CPU.Build.0 = Release|Any CPU
		{3E558F6E-6A04-4912-837F-AF00CC91AFAE}.Release|x86.ActiveCfg = Release|Any CPU
		{3E558F6E-6A04-4912-837F-AF00CC91AFAE}.Release|x86.Build.0 = Release|Any CPU
		{EE879DDD-F086-4496-A802-94347995BC9C}.Debug|Any CPU.ActiveCfg = Debug|Any CPU
		{EE879DDD-F086-4496-A802-94347995BC9C}.Debug|Any CPU.Build.0 = Debug|Any CPU
		{EE879DDD-F086-4496-A802-94347995BC9C}.Debug|x86.ActiveCfg = Debug|Any CPU
		{EE879DDD-F086-4496-A802-94347995BC9C}.Debug|x86.Build.0 = Debug|Any CPU
		{EE879DDD-F086-4496-A802-94347995BC9C}.Release|Any CPU.ActiveCfg = Release|Any CPU
		{EE879DDD-F086-4496-A802-94347995BC9C}.Release|Any CPU.Build.0 = Release|Any CPU
		{EE879DDD-F086-4496-A802-94347995BC9C}.Release|x86.ActiveCfg = Release|Any CPU
		{EE879DDD-F086-4496-A802-94347995BC9C}.Release|x86.Build.0 = Release|Any CPU
		{FF530083-BB65-4011-A990-1D4C41226D27}.Debug|Any CPU.ActiveCfg = Debug|Any CPU
		{FF530083-BB65-4011-A990-1D4C41226D27}.Debug|Any CPU.Build.0 = Debug|Any CPU
		{FF530083-BB65-4011-A990-1D4C41226D27}.Debug|x86.ActiveCfg = Debug|Any CPU
		{FF530083-BB65-4011-A990-1D4C41226D27}.Debug|x86.Build.0 = Debug|Any CPU
		{FF530083-BB65-4011-A990-1D4C41226D27}.Release|Any CPU.ActiveCfg = Release|Any CPU
		{FF530083-BB65-4011-A990-1D4C41226D27}.Release|Any CPU.Build.0 = Release|Any CPU
		{FF530083-BB65-4011-A990-1D4C41226D27}.Release|x86.ActiveCfg = Release|Any CPU
		{FF530083-BB65-4011-A990-1D4C41226D27}.Release|x86.Build.0 = Release|Any CPU
		{4E8F7E49-6037-48ED-9CAF-D47ECDCA1615}.Debug|Any CPU.ActiveCfg = Debug|Any CPU
		{4E8F7E49-6037-48ED-9CAF-D47ECDCA1615}.Debug|Any CPU.Build.0 = Debug|Any CPU
		{4E8F7E49-6037-48ED-9CAF-D47ECDCA1615}.Debug|x86.ActiveCfg = Debug|Any CPU
		{4E8F7E49-6037-48ED-9CAF-D47ECDCA1615}.Debug|x86.Build.0 = Debug|Any CPU
		{4E8F7E49-6037-48ED-9CAF-D47ECDCA1615}.Release|Any CPU.ActiveCfg = Release|Any CPU
		{4E8F7E49-6037-48ED-9CAF-D47ECDCA1615}.Release|Any CPU.Build.0 = Release|Any CPU
		{4E8F7E49-6037-48ED-9CAF-D47ECDCA1615}.Release|x86.ActiveCfg = Release|Any CPU
		{4E8F7E49-6037-48ED-9CAF-D47ECDCA1615}.Release|x86.Build.0 = Release|Any CPU
		{4B3E7C78-6C4F-4E15-93D6-F3E65025A0CE}.Debug|Any CPU.ActiveCfg = Debug|Any CPU
		{4B3E7C78-6C4F-4E15-93D6-F3E65025A0CE}.Debug|Any CPU.Build.0 = Debug|Any CPU
		{4B3E7C78-6C4F-4E15-93D6-F3E65025A0CE}.Debug|x86.ActiveCfg = Debug|Any CPU
		{4B3E7C78-6C4F-4E15-93D6-F3E65025A0CE}.Debug|x86.Build.0 = Debug|Any CPU
		{4B3E7C78-6C4F-4E15-93D6-F3E65025A0CE}.Release|Any CPU.ActiveCfg = Release|Any CPU
		{4B3E7C78-6C4F-4E15-93D6-F3E65025A0CE}.Release|Any CPU.Build.0 = Release|Any CPU
		{4B3E7C78-6C4F-4E15-93D6-F3E65025A0CE}.Release|x86.ActiveCfg = Release|Any CPU
		{4B3E7C78-6C4F-4E15-93D6-F3E65025A0CE}.Release|x86.Build.0 = Release|Any CPU
		{2618D82A-FFC2-4F18-BAF2-57CC38A14E45}.Debug|Any CPU.ActiveCfg = Debug|Any CPU
		{2618D82A-FFC2-4F18-BAF2-57CC38A14E45}.Debug|Any CPU.Build.0 = Debug|Any CPU
		{2618D82A-FFC2-4F18-BAF2-57CC38A14E45}.Debug|x86.ActiveCfg = Debug|Any CPU
		{2618D82A-FFC2-4F18-BAF2-57CC38A14E45}.Debug|x86.Build.0 = Debug|Any CPU
		{2618D82A-FFC2-4F18-BAF2-57CC38A14E45}.Release|Any CPU.ActiveCfg = Release|Any CPU
		{2618D82A-FFC2-4F18-BAF2-57CC38A14E45}.Release|Any CPU.Build.0 = Release|Any CPU
		{2618D82A-FFC2-4F18-BAF2-57CC38A14E45}.Release|x86.ActiveCfg = Release|Any CPU
		{2618D82A-FFC2-4F18-BAF2-57CC38A14E45}.Release|x86.Build.0 = Release|Any CPU
		{28AA3209-3711-4916-926E-BD8C9C230D70}.Debug|Any CPU.ActiveCfg = Debug|Any CPU
		{28AA3209-3711-4916-926E-BD8C9C230D70}.Debug|Any CPU.Build.0 = Debug|Any CPU
		{28AA3209-3711-4916-926E-BD8C9C230D70}.Debug|x86.ActiveCfg = Debug|Any CPU
		{28AA3209-3711-4916-926E-BD8C9C230D70}.Debug|x86.Build.0 = Debug|Any CPU
		{28AA3209-3711-4916-926E-BD8C9C230D70}.Release|Any CPU.ActiveCfg = Release|Any CPU
		{28AA3209-3711-4916-926E-BD8C9C230D70}.Release|Any CPU.Build.0 = Release|Any CPU
		{28AA3209-3711-4916-926E-BD8C9C230D70}.Release|x86.ActiveCfg = Release|Any CPU
		{28AA3209-3711-4916-926E-BD8C9C230D70}.Release|x86.Build.0 = Release|Any CPU
	EndGlobalSection
	GlobalSection(SolutionProperties) = preSolution
		HideSolutionNode = FALSE
	EndGlobalSection
	GlobalSection(NestedProjects) = preSolution
		{3E558F6E-6A04-4912-837F-AF00CC91AFAE} = {C811F35E-E07F-4E12-8F54-FE41815EA1CE}
		{EE879DDD-F086-4496-A802-94347995BC9C} = {6416453A-AD84-4DCB-A883-2843110521FD}
		{FF530083-BB65-4011-A990-1D4C41226D27} = {A2C831F7-6773-43C9-ADD0-7C8EA7144944}
		{4E8F7E49-6037-48ED-9CAF-D47ECDCA1615} = {C811F35E-E07F-4E12-8F54-FE41815EA1CE}
		{219CEC18-EEA8-43DE-A22F-2B5A27C3FC89} = {C811F35E-E07F-4E12-8F54-FE41815EA1CE}
		{4B3E7C78-6C4F-4E15-93D6-F3E65025A0CE} = {219CEC18-EEA8-43DE-A22F-2B5A27C3FC89}
		{2618D82A-FFC2-4F18-BAF2-57CC38A14E45} = {219CEC18-EEA8-43DE-A22F-2B5A27C3FC89}
		{28AA3209-3711-4916-926E-BD8C9C230D70} = {219CEC18-EEA8-43DE-A22F-2B5A27C3FC89}
	EndGlobalSection
	GlobalSection(ExtensibilityGlobals) = postSolution
		SolutionGuid = {3AF12164-7EE6-4EA6-9BC7-909375A608C1}
	EndGlobalSection
EndGlobal
